
Microsoft Visual Studio Solution File, Format Version 12.00
# Visual Studio Version 17
VisualStudioVersion = 17.13.35825.156 d17.13
MinimumVisualStudioVersion = 10.0.40219.1
Project("{FAE04EC0-301F-11D3-BF4B-00C04F79EFBC}") = "BlazorWebApp", "BlazorWebApp\BlazorWebApp.csproj", "{BC3A1F0B-CDC2-45B3-9C75-2731DEA29BC5}"
EndProject
Global
	GlobalSection(SolutionConfigurationPlatforms) = preSolution
		Debug|Any CPU = Debug|Any CPU
		Release|Any CPU = Release|Any CPU
	EndGlobalSection
	GlobalSection(ProjectConfigurationPlatforms) = postSolution
		{BC3A1F0B-CDC2-45B3-9C75-2731DEA29BC5}.Debug|Any CPU.ActiveCfg = Debug|Any CPU
		{BC3A1F0B-CDC2-45B3-9C75-2731DEA29BC5}.Debug|Any CPU.Build.0 = Debug|Any CPU
		{BC3A1F0B-CDC2-45B3-9C75-2731DEA29BC5}.Release|Any CPU.ActiveCfg = Release|Any CPU
		{BC3A1F0B-CDC2-45B3-9C75-2731DEA29BC5}.Release|Any CPU.Build.0 = Release|Any CPU
	EndGlobalSection
	GlobalSection(SolutionProperties) = preSolution
		HideSolutionNode = FALSE
	EndGlobalSection
	GlobalSection(ExtensibilityGlobals) = postSolution
		SolutionGuid = {ABE6826F-437F-4DEA-9183-F42F60E85D13}
	EndGlobalSection
EndGlobal
